<?xml version="1.0" encoding="UTF-8"?>
<!DOCTYPE plist PUBLIC "-//Apple//DTD PLIST 1.0//EN" "http://www.apple.com/DTDs/PropertyList-1.0.dtd">
<plist version="1.0">
<dict>
	<key>archiveVersion</key>
	<string>1</string>
	<key>classes</key>
	<dict/>
	<key>objectVersion</key>
	<string>46</string>
	<key>objects</key>
	<dict>
		<key>01b0fc469e95670a65fb4468</key>
		<dict>
			<key>fileRef</key>
			<string>723069f6a7f27c97834975a4</string>
			<key>isa</key>
			<string>PBXBuildFile</string>
		</dict>
		<key>04da2a8d3e688683d46968dd</key>
		<dict>
			<key>buildActionMask</key>
			<string>2147483647</string>
			<key>files</key>
			<array>
				<string>642ce0e69090993d73d4b5f8</string>
				<string>107b2f3e93b5579a0cf9e24c</string>
				<string>cb5eb23f434b92e260452ecf</string>
				<string>a836eeb33419507281226c09</string>
				<string>6473b1c1c68ca246761f0978</string>
			</array>
			<key>isa</key>
			<string>PBXResourcesBuildPhase</string>
			<key>runOnlyForDeploymentPostprocessing</key>
			<string>0</string>
		</dict>
		<key>080E96DDFE201D6D7F000001</key>
		<dict>
			<key>children</key>
			<array>
				<string>1D3623240D0F684500981E51</string>
				<string>1D3623250D0F684500981E51</string>
			</array>
			<key>isa</key>
			<string>PBXGroup</string>
			<key>name</key>
			<string>Application Delegate</string>
			<key>path</key>
			<string>Classes</string>
			<key>sourceTree</key>
			<string>&lt;group&gt;</string>
		</dict>
		<key>107b2f3e93b5579a0cf9e24c</key>
		<dict>
			<key>fileRef</key>
			<string>285CE399141C130C0083AF09</string>
			<key>isa</key>
			<string>PBXBuildFile</string>
		</dict>
		<key>19C28FACFE9D520D11CA2CBB</key>
		<dict>
			<key>children</key>
			<array>
				<string>1D6058910D05DD3D006BFB54</string>
			</array>
			<key>isa</key>
			<string>PBXGroup</string>
			<key>name</key>
			<string>Products</string>
			<key>sourceTree</key>
			<string>&lt;group&gt;</string>
		</dict>
		<key>1D3623240D0F684500981E51</key>
		<dict>
			<key>fileEncoding</key>
			<string>4</string>
			<key>isa</key>
			<string>PBXFileReference</string>
			<key>lastKnownFileType</key>
			<string>sourcecode.c.h</string>
			<key>path</key>
			<string>CoreDataBooksAppDelegate.h</string>
			<key>sourceTree</key>
			<string>&lt;group&gt;</string>
		</dict>
		<key>1D3623250D0F684500981E51</key>
		<dict>
			<key>fileEncoding</key>
			<string>4</string>
			<key>isa</key>
			<string>PBXFileReference</string>
			<key>lastKnownFileType</key>
			<string>sourcecode.c.objc</string>
			<key>lineEnding</key>
			<string>0</string>
			<key>path</key>
			<string>CoreDataBooksAppDelegate.m</string>
			<key>sourceTree</key>
			<string>&lt;group&gt;</string>
			<key>xcLanguageSpecificationIdentifier</key>
			<string>xcode.lang.objc</string>
		</dict>
		<key>1D3623260D0F684500981E51</key>
		<dict>
			<key>fileRef</key>
			<string>1D3623250D0F684500981E51</string>
			<key>isa</key>
			<string>PBXBuildFile</string>
		</dict>
		<key>1D60588D0D05DD3D006BFB54</key>
		<dict>
			<key>buildActionMask</key>
			<string>2147483647</string>
			<key>files</key>
			<array>
				<string>288F3A520F6736BA00C86E86</string>
				<string>285CE39B141C130C0083AF09</string>
				<string>288C5DB6152A0CA100D11004</string>
				<string>53CF14D518FDA80D004543F7</string>
				<string>53C48ECC17B939B8000644F8</string>
			</array>
			<key>isa</key>
			<string>PBXResourcesBuildPhase</string>
			<key>runOnlyForDeploymentPostprocessing</key>
			<string>0</string>
		</dict>
		<key>1D60588E0D05DD3D006BFB54</key>
		<dict>
			<key>buildActionMask</key>
			<string>2147483647</string>
			<key>files</key>
			<array>
				<string>1D60589B0D05DD56006BFB54</string>
				<string>1D3623260D0F684500981E51</string>
				<string>28C286E10D94DF7D0034E888</string>
				<string>28921A430F4CEE8D000D3C06</string>
				<string>28C95B0B0F4F9A7F0037F30F</string>
				<string>28C95B0C0F4F9A7F0037F30F</string>
				<string>28C95B0F0F4F9A880037F30F</string>
				<string>2858AAB61528CA9400A1E836</string>
			</array>
			<key>isa</key>
			<string>PBXSourcesBuildPhase</string>
			<key>runOnlyForDeploymentPostprocessing</key>
			<string>0</string>
		</dict>
		<key>1D60588F0D05DD3D006BFB54</key>
		<dict>
			<key>buildActionMask</key>
			<string>2147483647</string>
			<key>files</key>
			<array>
				<string>288832230F4D1BA200A03A78</string>
				<string>288832280F4D1BB200A03A78</string>
				<string>2888322A0F4D1BB200A03A78</string>
				<string>2888322C0F4D1BB200A03A78</string>
			</array>
			<key>isa</key>
			<string>PBXFrameworksBuildPhase</string>
			<key>runOnlyForDeploymentPostprocessing</key>
			<string>0</string>
		</dict>
		<key>1D6058900D05DD3D006BFB54</key>
		<dict>
			<key>buildConfigurationList</key>
			<string>1D6058960D05DD3E006BFB54</string>
			<key>buildPhases</key>
			<array>
				<string>1D60588D0D05DD3D006BFB54</string>
				<string>1D60588E0D05DD3D006BFB54</string>
				<string>1D60588F0D05DD3D006BFB54</string>
			</array>
			<key>buildRules</key>
			<array/>
			<key>dependencies</key>
			<array/>
			<key>isa</key>
			<string>PBXNativeTarget</string>
			<key>name</key>
			<string>CoreDataBooks</string>
			<key>productName</key>
			<string>CoreDataBooks</string>
			<key>productReference</key>
			<string>1D6058910D05DD3D006BFB54</string>
			<key>productType</key>
			<string>com.apple.product-type.application</string>
		</dict>
		<key>1D6058910D05DD3D006BFB54</key>
		<dict>
			<key>explicitFileType</key>
			<string>wrapper.application</string>
			<key>includeInIndex</key>
			<string>0</string>
			<key>isa</key>
			<string>PBXFileReference</string>
			<key>path</key>
			<string>CoreDataBooks.app</string>
			<key>sourceTree</key>
			<string>BUILT_PRODUCTS_DIR</string>
		</dict>
		<key>1D6058940D05DD3E006BFB54</key>
		<dict>
			<key>buildSettings</key>
			<dict>
				<key>ALWAYS_SEARCH_USER_PATHS</key>
				<string>NO</string>
				<key>ASSETCATALOG_COMPILER_APPICON_NAME</key>
				<string>AppIcon</string>
				<key>ASSETCATALOG_COMPILER_LAUNCHIMAGE_NAME</key>
				<string>LaunchImage</string>
				<key>CLANG_ENABLE_OBJC_ARC</key>
				<string>YES</string>
				<key>COPY_PHASE_STRIP</key>
				<string>YES</string>
				<key>GCC_DYNAMIC_NO_PIC</key>
				<string>NO</string>
				<key>GCC_OPTIMIZATION_LEVEL</key>
				<string>0</string>
				<key>GCC_PRECOMPILE_PREFIX_HEADER</key>
				<string>YES</string>
				<key>GCC_PREFIX_HEADER</key>
				<string>CoreDataBooks_Prefix.pch</string>
				<key>GCC_VERSION</key>
				<string>com.apple.compilers.llvm.clang.1_0</string>
				<key>INFOPLIST_FILE</key>
				<string>Info.plist</string>
				<key>IPHONEOS_DEPLOYMENT_TARGET</key>
				<string>6.0</string>
				<key>PRODUCT_NAME</key>
				<string>CoreDataBooks</string>
			</dict>
			<key>isa</key>
			<string>XCBuildConfiguration</string>
			<key>name</key>
			<string>Debug</string>
		</dict>
		<key>1D6058950D05DD3E006BFB54</key>
		<dict>
			<key>buildSettings</key>
			<dict>
				<key>ALWAYS_SEARCH_USER_PATHS</key>
				<string>NO</string>
				<key>ASSETCATALOG_COMPILER_APPICON_NAME</key>
				<string>AppIcon</string>
				<key>ASSETCATALOG_COMPILER_LAUNCHIMAGE_NAME</key>
				<string>LaunchImage</string>
				<key>CLANG_ENABLE_OBJC_ARC</key>
				<string>YES</string>
				<key>COPY_PHASE_STRIP</key>
				<string>YES</string>
				<key>GCC_PRECOMPILE_PREFIX_HEADER</key>
				<string>YES</string>
				<key>GCC_PREFIX_HEADER</key>
				<string>CoreDataBooks_Prefix.pch</string>
				<key>GCC_VERSION</key>
				<string>com.apple.compilers.llvm.clang.1_0</string>
				<key>INFOPLIST_FILE</key>
				<string>Info.plist</string>
				<key>IPHONEOS_DEPLOYMENT_TARGET</key>
				<string>6.0</string>
				<key>PRODUCT_NAME</key>
				<string>CoreDataBooks</string>
			</dict>
			<key>isa</key>
			<string>XCBuildConfiguration</string>
			<key>name</key>
			<string>Release</string>
		</dict>
		<key>1D6058960D05DD3E006BFB54</key>
		<dict>
			<key>buildConfigurations</key>
			<array>
				<string>1D6058940D05DD3E006BFB54</string>
				<string>1D6058950D05DD3E006BFB54</string>
			</array>
			<key>defaultConfigurationIsVisible</key>
			<string>0</string>
			<key>defaultConfigurationName</key>
			<string>Release</string>
			<key>isa</key>
			<string>XCConfigurationList</string>
		</dict>
		<key>1D60589B0D05DD56006BFB54</key>
		<dict>
			<key>fileRef</key>
			<string>29B97316FDCFA39411CA2CEA</string>
			<key>isa</key>
			<string>PBXBuildFile</string>
		</dict>
		<key>1a795228befd19cbd81fdf72</key>
		<dict>
			<key>explicitFileType</key>
			<string>wrapper.application</string>
			<key>includeInIndex</key>
			<string>0</string>
			<key>isa</key>
			<string>PBXFileReference</string>
			<key>path</key>
			<string>CoreDataBooks-cal.app</string>
			<key>sourceTree</key>
			<string>BUILT_PRODUCTS_DIR</string>
		</dict>
		<key>21ecbab8c1b59a633598ee31</key>
		<dict>
			<key>fileRef</key>
			<string>29B97316FDCFA39411CA2CEA</string>
			<key>isa</key>
			<string>PBXBuildFile</string>
		</dict>
		<key>2350d6356f5c8946707d5ad7</key>
		<dict>
			<key>fileRef</key>
			<string>288832290F4D1BB200A03A78</string>
			<key>isa</key>
			<string>PBXBuildFile</string>
		</dict>
		<key>2858AAB41528CA9400A1E836</key>
		<dict>
			<key>children</key>
			<array>
				<string>2858AAB51528CA9400A1E836</string>
			</array>
			<key>currentVersion</key>
			<string>2858AAB51528CA9400A1E836</string>
			<key>isa</key>
			<string>XCVersionGroup</string>
			<key>path</key>
			<string>CoreDataBooks.xcdatamodeld</string>
			<key>sourceTree</key>
			<string>&lt;group&gt;</string>
			<key>versionGroupType</key>
			<string>wrapper.xcdatamodel</string>
		</dict>
		<key>2858AAB51528CA9400A1E836</key>
		<dict>
			<key>isa</key>
			<string>PBXFileReference</string>
			<key>lastKnownFileType</key>
			<string>wrapper.xcdatamodel</string>
			<key>path</key>
			<string>CoreDataBooks.xcdatamodel</string>
			<key>sourceTree</key>
			<string>&lt;group&gt;</string>
		</dict>
		<key>2858AAB61528CA9400A1E836</key>
		<dict>
			<key>fileRef</key>
			<string>2858AAB41528CA9400A1E836</string>
			<key>isa</key>
			<string>PBXBuildFile</string>
		</dict>
		<key>285CE399141C130C0083AF09</key>
		<dict>
			<key>children</key>
			<array>
				<string>285CE39A141C130C0083AF09</string>
			</array>
			<key>isa</key>
			<string>PBXVariantGroup</string>
			<key>name</key>
			<string>MainStoryboard.storyboard</string>
			<key>sourceTree</key>
			<string>&lt;group&gt;</string>
		</dict>
		<key>285CE39A141C130C0083AF09</key>
		<dict>
			<key>isa</key>
			<string>PBXFileReference</string>
			<key>lastKnownFileType</key>
			<string>file.storyboard</string>
			<key>name</key>
			<string>en</string>
			<key>path</key>
			<string>en.lproj/MainStoryboard.storyboard</string>
			<key>sourceTree</key>
			<string>&lt;group&gt;</string>
		</dict>
		<key>285CE39B141C130C0083AF09</key>
		<dict>
			<key>fileRef</key>
			<string>285CE399141C130C0083AF09</string>
			<key>isa</key>
			<string>PBXBuildFile</string>
		</dict>
		<key>2882F5750F4CFBA10089C43B</key>
		<dict>
			<key>children</key>
			<array>
				<string>28C286DF0D94DF7D0034E888</string>
				<string>28C286E00D94DF7D0034E888</string>
				<string>28921A410F4CEE8D000D3C06</string>
				<string>28921A420F4CEE8D000D3C06</string>
				<string>28C95B070F4F9A7F0037F30F</string>
				<string>28C95B080F4F9A7F0037F30F</string>
				<string>28C95B090F4F9A7F0037F30F</string>
				<string>28C95B0A0F4F9A7F0037F30F</string>
			</array>
			<key>isa</key>
			<string>PBXGroup</string>
			<key>name</key>
			<string>View Controllers</string>
			<key>sourceTree</key>
			<string>&lt;group&gt;</string>
		</dict>
		<key>288832220F4D1BA200A03A78</key>
		<dict>
			<key>isa</key>
			<string>PBXFileReference</string>
			<key>lastKnownFileType</key>
			<string>wrapper.framework</string>
			<key>name</key>
			<string>CoreData.framework</string>
			<key>path</key>
			<string>System/Library/Frameworks/CoreData.framework</string>
			<key>sourceTree</key>
			<string>SDKROOT</string>
		</dict>
		<key>288832230F4D1BA200A03A78</key>
		<dict>
			<key>fileRef</key>
			<string>288832220F4D1BA200A03A78</string>
			<key>isa</key>
			<string>PBXBuildFile</string>
		</dict>
		<key>288832270F4D1BB200A03A78</key>
		<dict>
			<key>isa</key>
			<string>PBXFileReference</string>
			<key>lastKnownFileType</key>
			<string>wrapper.framework</string>
			<key>name</key>
			<string>CoreGraphics.framework</string>
			<key>path</key>
			<string>System/Library/Frameworks/CoreGraphics.framework</string>
			<key>sourceTree</key>
			<string>SDKROOT</string>
		</dict>
		<key>288832280F4D1BB200A03A78</key>
		<dict>
			<key>fileRef</key>
			<string>288832270F4D1BB200A03A78</string>
			<key>isa</key>
			<string>PBXBuildFile</string>
		</dict>
		<key>288832290F4D1BB200A03A78</key>
		<dict>
			<key>isa</key>
			<string>PBXFileReference</string>
			<key>lastKnownFileType</key>
			<string>wrapper.framework</string>
			<key>name</key>
			<string>Foundation.framework</string>
			<key>path</key>
			<string>System/Library/Frameworks/Foundation.framework</string>
			<key>sourceTree</key>
			<string>SDKROOT</string>
		</dict>
		<key>2888322A0F4D1BB200A03A78</key>
		<dict>
			<key>fileRef</key>
			<string>288832290F4D1BB200A03A78</string>
			<key>isa</key>
			<string>PBXBuildFile</string>
		</dict>
		<key>2888322B0F4D1BB200A03A78</key>
		<dict>
			<key>isa</key>
			<string>PBXFileReference</string>
			<key>lastKnownFileType</key>
			<string>wrapper.framework</string>
			<key>name</key>
			<string>UIKit.framework</string>
			<key>path</key>
			<string>System/Library/Frameworks/UIKit.framework</string>
			<key>sourceTree</key>
			<string>SDKROOT</string>
		</dict>
		<key>2888322C0F4D1BB200A03A78</key>
		<dict>
			<key>fileRef</key>
			<string>2888322B0F4D1BB200A03A78</string>
			<key>isa</key>
			<string>PBXBuildFile</string>
		</dict>
		<key>288C5DB5152A0CA100D11004</key>
		<dict>
			<key>isa</key>
			<string>PBXFileReference</string>
			<key>lastKnownFileType</key>
			<string>file</string>
			<key>path</key>
			<string>CoreDataBooks.CDBStore</string>
			<key>sourceTree</key>
			<string>&lt;group&gt;</string>
		</dict>
		<key>288C5DB6152A0CA100D11004</key>
		<dict>
			<key>fileRef</key>
			<string>288C5DB5152A0CA100D11004</string>
			<key>isa</key>
			<string>PBXBuildFile</string>
		</dict>
		<key>288F3A510F6736BA00C86E86</key>
		<dict>
			<key>fileEncoding</key>
			<string>4</string>
			<key>isa</key>
			<string>PBXFileReference</string>
			<key>lastKnownFileType</key>
			<string>text</string>
			<key>path</key>
			<string>ReadMe.txt</string>
			<key>sourceTree</key>
			<string>&lt;group&gt;</string>
		</dict>
		<key>288F3A520F6736BA00C86E86</key>
		<dict>
			<key>fileRef</key>
			<string>288F3A510F6736BA00C86E86</string>
			<key>isa</key>
			<string>PBXBuildFile</string>
		</dict>
		<key>28921A410F4CEE8D000D3C06</key>
		<dict>
			<key>fileEncoding</key>
			<string>4</string>
			<key>isa</key>
			<string>PBXFileReference</string>
			<key>lastKnownFileType</key>
			<string>sourcecode.c.h</string>
			<key>name</key>
			<string>DetailViewController.h</string>
			<key>path</key>
			<string>Classes/DetailViewController.h</string>
			<key>sourceTree</key>
			<string>&lt;group&gt;</string>
		</dict>
		<key>28921A420F4CEE8D000D3C06</key>
		<dict>
			<key>fileEncoding</key>
			<string>4</string>
			<key>isa</key>
			<string>PBXFileReference</string>
			<key>lastKnownFileType</key>
			<string>sourcecode.c.objc</string>
			<key>lineEnding</key>
			<string>0</string>
			<key>name</key>
			<string>DetailViewController.m</string>
			<key>path</key>
			<string>Classes/DetailViewController.m</string>
			<key>sourceTree</key>
			<string>&lt;group&gt;</string>
			<key>xcLanguageSpecificationIdentifier</key>
			<string>xcode.lang.objc</string>
		</dict>
		<key>28921A430F4CEE8D000D3C06</key>
		<dict>
			<key>fileRef</key>
			<string>28921A420F4CEE8D000D3C06</string>
			<key>isa</key>
			<string>PBXBuildFile</string>
		</dict>
		<key>28921A570F4CF0D0000D3C06</key>
		<dict>
			<key>children</key>
			<array>
				<string>28C95B0D0F4F9A880037F30F</string>
				<string>28C95B0E0F4F9A880037F30F</string>
			</array>
			<key>isa</key>
			<string>PBXGroup</string>
			<key>name</key>
			<string>Model Class</string>
			<key>sourceTree</key>
			<string>&lt;group&gt;</string>
		</dict>
		<key>28A0AAE50D9B0CCF005BE974</key>
		<dict>
			<key>fileEncoding</key>
			<string>4</string>
			<key>isa</key>
			<string>PBXFileReference</string>
			<key>lastKnownFileType</key>
			<string>sourcecode.c.h</string>
			<key>path</key>
			<string>CoreDataBooks_Prefix.pch</string>
			<key>sourceTree</key>
			<string>&lt;group&gt;</string>
		</dict>
		<key>28C286DF0D94DF7D0034E888</key>
		<dict>
			<key>fileEncoding</key>
			<string>4</string>
			<key>isa</key>
			<string>PBXFileReference</string>
			<key>lastKnownFileType</key>
			<string>sourcecode.c.h</string>
			<key>name</key>
			<string>RootViewController.h</string>
			<key>path</key>
			<string>Classes/RootViewController.h</string>
			<key>sourceTree</key>
			<string>&lt;group&gt;</string>
		</dict>
		<key>28C286E00D94DF7D0034E888</key>
		<dict>
			<key>fileEncoding</key>
			<string>4</string>
			<key>isa</key>
			<string>PBXFileReference</string>
			<key>lastKnownFileType</key>
			<string>sourcecode.c.objc</string>
			<key>lineEnding</key>
			<string>0</string>
			<key>name</key>
			<string>RootViewController.m</string>
			<key>path</key>
			<string>Classes/RootViewController.m</string>
			<key>sourceTree</key>
			<string>&lt;group&gt;</string>
			<key>xcLanguageSpecificationIdentifier</key>
			<string>xcode.lang.objc</string>
		</dict>
		<key>28C286E10D94DF7D0034E888</key>
		<dict>
			<key>fileRef</key>
			<string>28C286E00D94DF7D0034E888</string>
			<key>isa</key>
			<string>PBXBuildFile</string>
		</dict>
		<key>28C95B070F4F9A7F0037F30F</key>
		<dict>
			<key>fileEncoding</key>
			<string>4</string>
			<key>isa</key>
			<string>PBXFileReference</string>
			<key>lastKnownFileType</key>
			<string>sourcecode.c.h</string>
			<key>name</key>
			<string>AddViewController.h</string>
			<key>path</key>
			<string>Classes/AddViewController.h</string>
			<key>sourceTree</key>
			<string>&lt;group&gt;</string>
		</dict>
		<key>28C95B080F4F9A7F0037F30F</key>
		<dict>
			<key>fileEncoding</key>
			<string>4</string>
			<key>isa</key>
			<string>PBXFileReference</string>
			<key>lastKnownFileType</key>
			<string>sourcecode.c.objc</string>
			<key>name</key>
			<string>AddViewController.m</string>
			<key>path</key>
			<string>Classes/AddViewController.m</string>
			<key>sourceTree</key>
			<string>&lt;group&gt;</string>
		</dict>
		<key>28C95B090F4F9A7F0037F30F</key>
		<dict>
			<key>fileEncoding</key>
			<string>4</string>
			<key>isa</key>
			<string>PBXFileReference</string>
			<key>lastKnownFileType</key>
			<string>sourcecode.c.h</string>
			<key>name</key>
			<string>EditingViewController.h</string>
			<key>path</key>
			<string>Classes/EditingViewController.h</string>
			<key>sourceTree</key>
			<string>&lt;group&gt;</string>
		</dict>
		<key>28C95B0A0F4F9A7F0037F30F</key>
		<dict>
			<key>fileEncoding</key>
			<string>4</string>
			<key>isa</key>
			<string>PBXFileReference</string>
			<key>lastKnownFileType</key>
			<string>sourcecode.c.objc</string>
			<key>name</key>
			<string>EditingViewController.m</string>
			<key>path</key>
			<string>Classes/EditingViewController.m</string>
			<key>sourceTree</key>
			<string>&lt;group&gt;</string>
		</dict>
		<key>28C95B0B0F4F9A7F0037F30F</key>
		<dict>
			<key>fileRef</key>
			<string>28C95B080F4F9A7F0037F30F</string>
			<key>isa</key>
			<string>PBXBuildFile</string>
		</dict>
		<key>28C95B0C0F4F9A7F0037F30F</key>
		<dict>
			<key>fileRef</key>
			<string>28C95B0A0F4F9A7F0037F30F</string>
			<key>isa</key>
			<string>PBXBuildFile</string>
		</dict>
		<key>28C95B0D0F4F9A880037F30F</key>
		<dict>
			<key>fileEncoding</key>
			<string>4</string>
			<key>isa</key>
			<string>PBXFileReference</string>
			<key>lastKnownFileType</key>
			<string>sourcecode.c.h</string>
			<key>name</key>
			<string>Book.h</string>
			<key>path</key>
			<string>Classes/Book.h</string>
			<key>sourceTree</key>
			<string>&lt;group&gt;</string>
		</dict>
		<key>28C95B0E0F4F9A880037F30F</key>
		<dict>
			<key>fileEncoding</key>
			<string>4</string>
			<key>isa</key>
			<string>PBXFileReference</string>
			<key>lastKnownFileType</key>
			<string>sourcecode.c.objc</string>
			<key>name</key>
			<string>Book.m</string>
			<key>path</key>
			<string>Classes/Book.m</string>
			<key>sourceTree</key>
			<string>&lt;group&gt;</string>
		</dict>
		<key>28C95B0F0F4F9A880037F30F</key>
		<dict>
			<key>fileRef</key>
			<string>28C95B0E0F4F9A880037F30F</string>
			<key>isa</key>
			<string>PBXBuildFile</string>
		</dict>
		<key>29B97313FDCFA39411CA2CEA</key>
		<dict>
			<key>attributes</key>
			<dict>
				<key>LastUpgradeCheck</key>
				<string>0510</string>
			</dict>
			<key>buildConfigurationList</key>
			<string>C01FCF4E08A954540054247B</string>
			<key>compatibilityVersion</key>
			<string>Xcode 3.2</string>
			<key>developmentRegion</key>
			<string>English</string>
			<key>hasScannedForEncodings</key>
			<string>1</string>
			<key>isa</key>
			<string>PBXProject</string>
			<key>knownRegions</key>
			<array>
				<string>English</string>
				<string>Japanese</string>
				<string>French</string>
				<string>German</string>
				<string>en</string>
			</array>
			<key>mainGroup</key>
			<string>29B97314FDCFA39411CA2CEA</string>
			<key>projectDirPath</key>
			<string></string>
			<key>projectRoot</key>
			<string></string>
			<key>targets</key>
			<array>
				<string>1D6058900D05DD3D006BFB54</string>
				<string>69d51a628a0ca786cb55593d</string>
			</array>
		</dict>
		<key>29B97314FDCFA39411CA2CEA</key>
		<dict>
			<key>children</key>
			<array>
				<string>288F3A510F6736BA00C86E86</string>
				<string>2882F5750F4CFBA10089C43B</string>
				<string>28921A570F4CF0D0000D3C06</string>
				<string>080E96DDFE201D6D7F000001</string>
				<string>29B97317FDCFA39411CA2CEA</string>
				<string>29B97315FDCFA39411CA2CEA</string>
				<string>29B97323FDCFA39411CA2CEA</string>
				<string>19C28FACFE9D520D11CA2CBB</string>
			</array>
			<key>isa</key>
			<string>PBXGroup</string>
			<key>name</key>
			<string>CustomTemplate</string>
			<key>sourceTree</key>
			<string>&lt;group&gt;</string>
		</dict>
		<key>29B97315FDCFA39411CA2CEA</key>
		<dict>
			<key>children</key>
			<array>
				<string>28A0AAE50D9B0CCF005BE974</string>
				<string>29B97316FDCFA39411CA2CEA</string>
				<string>8D1107310486CEB800E47090</string>
			</array>
			<key>isa</key>
			<string>PBXGroup</string>
			<key>name</key>
			<string>Supporting Files</string>
			<key>sourceTree</key>
			<string>&lt;group&gt;</string>
		</dict>
		<key>29B97316FDCFA39411CA2CEA</key>
		<dict>
			<key>fileEncoding</key>
			<string>4</string>
			<key>isa</key>
			<string>PBXFileReference</string>
			<key>lastKnownFileType</key>
			<string>sourcecode.c.objc</string>
			<key>path</key>
			<string>main.m</string>
			<key>sourceTree</key>
			<string>&lt;group&gt;</string>
		</dict>
		<key>29B97317FDCFA39411CA2CEA</key>
		<dict>
			<key>children</key>
			<array>
				<string>53CF14D418FDA80D004543F7</string>
				<string>288C5DB5152A0CA100D11004</string>
				<string>285CE399141C130C0083AF09</string>
				<string>2858AAB41528CA9400A1E836</string>
				<string>53C48ECA17B939B8000644F8</string>
			</array>
			<key>isa</key>
			<string>PBXGroup</string>
			<key>name</key>
			<string>Resources</string>
			<key>sourceTree</key>
			<string>&lt;group&gt;</string>
		</dict>
		<key>29B97323FDCFA39411CA2CEA</key>
		<dict>
			<key>children</key>
			<array>
				<string>288832220F4D1BA200A03A78</string>
				<string>288832270F4D1BB200A03A78</string>
				<string>288832290F4D1BB200A03A78</string>
				<string>2888322B0F4D1BB200A03A78</string>
				<string>30618da5897566a5bb534932</string>
				<string>723069f6a7f27c97834975a4</string>
			</array>
			<key>isa</key>
			<string>PBXGroup</string>
			<key>name</key>
			<string>Frameworks</string>
			<key>path</key>
			<string></string>
			<key>sourceTree</key>
			<string>&lt;group&gt;</string>
		</dict>
		<key>30618da5897566a5bb534932</key>
		<dict>
			<key>fileEncoding</key>
			<string>4</string>
			<key>isa</key>
			<string>PBXFileReference</string>
			<key>lastKnownFileType</key>
			<string>wrapper.framework</string>
			<key>name</key>
			<string>CFNetwork.framework</string>
			<key>path</key>
			<string>System/Library/Frameworks/CFNetwork.framework</string>
			<key>sourceTree</key>
			<string>SDKROOT</string>
		</dict>
		<key>3ffb46d1cdd861fe46509855</key>
		<dict>
			<key>buildActionMask</key>
			<string>2147483647</string>
			<key>files</key>
			<array>
				<string>e6a156fe7ea1e060c3499c59</string>
				<string>626f4d9c274b7869015b1340</string>
				<string>2350d6356f5c8946707d5ad7</string>
				<string>ac4a55199c8cc75547cca772</string>
				<string>8b558542612142871f8e7f23</string>
				<string>01b0fc469e95670a65fb4468</string>
			</array>
			<key>isa</key>
			<string>PBXFrameworksBuildPhase</string>
			<key>runOnlyForDeploymentPostprocessing</key>
			<string>0</string>
		</dict>
		<key>404d37331c193741ff2e6183</key>
		<dict>
			<key>fileRef</key>
			<string>28C95B0A0F4F9A7F0037F30F</string>
			<key>isa</key>
			<string>PBXBuildFile</string>
		</dict>
		<key>496cd4efa45b930b81ed2901</key>
		<dict>
			<key>fileRef</key>
			<string>1D3623250D0F684500981E51</string>
			<key>isa</key>
			<string>PBXBuildFile</string>
		</dict>
		<key>52a433a9b0b905a0a2eea62d</key>
		<dict>
			<key>fileRef</key>
			<string>28921A420F4CEE8D000D3C06</string>
			<key>isa</key>
			<string>PBXBuildFile</string>
		</dict>
		<key>53C48ECA17B939B8000644F8</key>
		<dict>
			<key>children</key>
			<array>
				<string>53C48ECB17B939B8000644F8</string>
			</array>
			<key>isa</key>
			<string>PBXVariantGroup</string>
			<key>name</key>
			<string>Localizable.strings</string>
			<key>sourceTree</key>
			<string>&lt;group&gt;</string>
		</dict>
		<key>53C48ECB17B939B8000644F8</key>
		<dict>
			<key>isa</key>
			<string>PBXFileReference</string>
			<key>lastKnownFileType</key>
			<string>text.plist.strings</string>
			<key>name</key>
			<string>en</string>
			<key>path</key>
			<string>en.lproj/Localizable.strings</string>
			<key>sourceTree</key>
			<string>&lt;group&gt;</string>
		</dict>
		<key>53C48ECC17B939B8000644F8</key>
		<dict>
			<key>fileRef</key>
			<string>53C48ECA17B939B8000644F8</string>
			<key>isa</key>
			<string>PBXBuildFile</string>
		</dict>
		<key>53CF14D418FDA80D004543F7</key>
		<dict>
			<key>isa</key>
			<string>PBXFileReference</string>
			<key>lastKnownFileType</key>
			<string>folder.assetcatalog</string>
			<key>name</key>
			<string>Images.xcassets</string>
			<key>path</key>
			<string>CoreDataBooks/Images.xcassets</string>
			<key>sourceTree</key>
			<string>&lt;group&gt;</string>
		</dict>
		<key>53CF14D518FDA80D004543F7</key>
		<dict>
			<key>fileRef</key>
			<string>53CF14D418FDA80D004543F7</string>
			<key>isa</key>
			<string>PBXBuildFile</string>
		</dict>
		<key>626f4d9c274b7869015b1340</key>
		<dict>
			<key>fileRef</key>
			<string>288832270F4D1BB200A03A78</string>
			<key>isa</key>
			<string>PBXBuildFile</string>
		</dict>
		<key>642ce0e69090993d73d4b5f8</key>
		<dict>
			<key>fileRef</key>
			<string>288F3A510F6736BA00C86E86</string>
			<key>isa</key>
			<string>PBXBuildFile</string>
		</dict>
		<key>6473b1c1c68ca246761f0978</key>
		<dict>
			<key>fileRef</key>
			<string>53C48ECA17B939B8000644F8</string>
			<key>isa</key>
			<string>PBXBuildFile</string>
		</dict>
		<key>69d51a628a0ca786cb55593d</key>
		<dict>
			<key>buildConfigurationList</key>
			<string>f9ea9c084e509f7acbcfc01f</string>
			<key>buildPhases</key>
			<array>
				<string>04da2a8d3e688683d46968dd</string>
				<string>973644a63d49b0665f3538a8</string>
				<string>3ffb46d1cdd861fe46509855</string>
			</array>
			<key>buildRules</key>
			<array/>
			<key>dependencies</key>
			<array/>
			<key>isa</key>
			<string>PBXNativeTarget</string>
			<key>name</key>
			<string>CoreDataBooks-cal</string>
			<key>productName</key>
			<string>CoreDataBooks-cal</string>
			<key>productReference</key>
			<string>1a795228befd19cbd81fdf72</string>
			<key>productType</key>
			<string>com.apple.product-type.application</string>
		</dict>
		<key>723069f6a7f27c97834975a4</key>
		<dict>
			<key>fileEncoding</key>
			<string>4</string>
			<key>isa</key>
			<string>PBXFileReference</string>
			<key>lastKnownFileType</key>
			<string>wrapper.framework</string>
			<key>name</key>
			<string>calabash.framework</string>
			<key>path</key>
			<string>calabash.framework</string>
			<key>sourceTree</key>
			<string>&lt;group&gt;</string>
		</dict>
		<key>8D1107310486CEB800E47090</key>
		<dict>
			<key>fileEncoding</key>
			<string>4</string>
			<key>isa</key>
			<string>PBXFileReference</string>
			<key>lastKnownFileType</key>
			<string>text.plist.xml</string>
			<key>path</key>
			<string>Info.plist</string>
			<key>plistStructureDefinitionIdentifier</key>
			<string>com.apple.xcode.plist.structure-definition.iphone.info-plist</string>
			<key>sourceTree</key>
			<string>&lt;group&gt;</string>
		</dict>
		<key>8ad38107a887778a160c94ae</key>
		<dict>
			<key>fileRef</key>
			<string>2858AAB41528CA9400A1E836</string>
			<key>isa</key>
			<string>PBXBuildFile</string>
		</dict>
		<key>8b558542612142871f8e7f23</key>
		<dict>
			<key>fileRef</key>
			<string>30618da5897566a5bb534932</string>
			<key>isa</key>
			<string>PBXBuildFile</string>
		</dict>
		<key>95348c4e55a75614676535e3</key>
		<dict>
			<key>fileRef</key>
			<string>28C95B0E0F4F9A880037F30F</string>
			<key>isa</key>
			<string>PBXBuildFile</string>
		</dict>
		<key>95937e8af34bfe30a1ee5470</key>
		<dict>
			<key>buildSettings</key>
			<dict>
				<key>ALWAYS_SEARCH_USER_PATHS</key>
				<string>NO</string>
				<key>ASSETCATALOG_COMPILER_APPICON_NAME</key>
				<string>AppIcon</string>
				<key>ASSETCATALOG_COMPILER_LAUNCHIMAGE_NAME</key>
				<string>LaunchImage</string>
				<key>CLANG_ENABLE_OBJC_ARC</key>
				<string>YES</string>
				<key>COPY_PHASE_STRIP</key>
				<string>YES</string>
				<key>FRAMEWORK_SEARCH_PATHS</key>
				<array>
					<string>$(inherited)</string>
					<string>"$(SRCROOT)"</string>
				</array>
				<key>GCC_DYNAMIC_NO_PIC</key>
				<string>NO</string>
				<key>GCC_OPTIMIZATION_LEVEL</key>
				<string>0</string>
				<key>GCC_PRECOMPILE_PREFIX_HEADER</key>
				<string>YES</string>
				<key>GCC_PREFIX_HEADER</key>
				<string>CoreDataBooks_Prefix.pch</string>
				<key>GCC_VERSION</key>
				<string>com.apple.compilers.llvm.clang.1_0</string>
				<key>INFOPLIST_FILE</key>
				<string>Info.plist</string>
				<key>IPHONEOS_DEPLOYMENT_TARGET</key>
				<string>6.0</string>
				<key>OTHER_LDFLAGS</key>
				<array>
					<string>$(inherited)</string>
					<string>-force_load</string>
					<string>"$(SRCROOT)/calabash.framework/calabash"</string>
					<string>-lstdc++</string>
				</array>
				<key>PRODUCT_NAME</key>
				<string>CoreDataBooks</string>
			</dict>
			<key>isa</key>
			<string>XCBuildConfiguration</string>
			<key>name</key>
			<string>Debug</string>
		</dict>
		<key>973644a63d49b0665f3538a8</key>
		<dict>
			<key>buildActionMask</key>
			<string>2147483647</string>
			<key>files</key>
			<array>
				<string>21ecbab8c1b59a633598ee31</string>
				<string>496cd4efa45b930b81ed2901</string>
				<string>b4e24802244f464731911509</string>
				<string>52a433a9b0b905a0a2eea62d</string>
				<string>cf84bb30af4b2b451640a2f4</string>
				<string>404d37331c193741ff2e6183</string>
				<string>95348c4e55a75614676535e3</string>
				<string>8ad38107a887778a160c94ae</string>
			</array>
			<key>isa</key>
			<string>PBXSourcesBuildPhase</string>
			<key>runOnlyForDeploymentPostprocessing</key>
			<string>0</string>
		</dict>
		<key>C01FCF4E08A954540054247B</key>
		<dict>
			<key>buildConfigurations</key>
			<array>
				<string>C01FCF4F08A954540054247B</string>
				<string>C01FCF5008A954540054247B</string>
			</array>
			<key>defaultConfigurationIsVisible</key>
			<string>0</string>
			<key>defaultConfigurationName</key>
			<string>Release</string>
			<key>isa</key>
			<string>XCConfigurationList</string>
		</dict>
		<key>C01FCF4F08A954540054247B</key>
		<dict>
			<key>buildSettings</key>
			<dict>
				<key>CODE_SIGN_IDENTITY[sdk=iphoneos*]</key>
				<string>iPhone Developer</string>
				<key>COPY_PHASE_STRIP</key>
				<string>NO</string>
				<key>GCC_C_LANGUAGE_STANDARD</key>
				<string>c99</string>
				<key>GCC_WARN_ABOUT_RETURN_TYPE</key>
				<string>YES</string>
				<key>GCC_WARN_UNUSED_VARIABLE</key>
				<string>YES</string>
				<key>IPHONEOS_DEPLOYMENT_TARGET</key>
				<string>6.0</string>
				<key>ONLY_ACTIVE_ARCH</key>
				<string>YES</string>
				<key>SDKROOT</key>
				<string>iphoneos</string>
			</dict>
			<key>isa</key>
			<string>XCBuildConfiguration</string>
			<key>name</key>
			<string>Debug</string>
		</dict>
		<key>C01FCF5008A954540054247B</key>
		<dict>
			<key>buildSettings</key>
			<dict>
				<key>CODE_SIGN_IDENTITY[sdk=iphoneos*]</key>
				<string>iPhone Developer</string>
				<key>GCC_C_LANGUAGE_STANDARD</key>
				<string>c99</string>
				<key>GCC_WARN_ABOUT_RETURN_TYPE</key>
				<string>YES</string>
				<key>GCC_WARN_UNUSED_VARIABLE</key>
				<string>YES</string>
				<key>IPHONEOS_DEPLOYMENT_TARGET</key>
				<string>6.0</string>
				<key>SDKROOT</key>
				<string>iphoneos</string>
			</dict>
			<key>isa</key>
			<string>XCBuildConfiguration</string>
			<key>name</key>
			<string>Release</string>
		</dict>
		<key>a836eeb33419507281226c09</key>
		<dict>
			<key>fileRef</key>
			<string>53CF14D418FDA80D004543F7</string>
			<key>isa</key>
			<string>PBXBuildFile</string>
		</dict>
		<key>ac4a55199c8cc75547cca772</key>
		<dict>
			<key>fileRef</key>
			<string>2888322B0F4D1BB200A03A78</string>
			<key>isa</key>
			<string>PBXBuildFile</string>
		</dict>
		<key>b4e24802244f464731911509</key>
		<dict>
			<key>fileRef</key>
			<string>28C286E00D94DF7D0034E888</string>
			<key>isa</key>
			<string>PBXBuildFile</string>
		</dict>
		<key>cb5eb23f434b92e260452ecf</key>
		<dict>
			<key>fileRef</key>
			<string>288C5DB5152A0CA100D11004</string>
			<key>isa</key>
			<string>PBXBuildFile</string>
		</dict>
		<key>cf84bb30af4b2b451640a2f4</key>
		<dict>
			<key>fileRef</key>
			<string>28C95B080F4F9A7F0037F30F</string>
			<key>isa</key>
			<string>PBXBuildFile</string>
		</dict>
		<key>e6a156fe7ea1e060c3499c59</key>
		<dict>
			<key>fileRef</key>
			<string>288832220F4D1BA200A03A78</string>
			<key>isa</key>
			<string>PBXBuildFile</string>
		</dict>
		<key>f4f7bf6a748136cf3eb10e0c</key>
		<dict>
			<key>buildSettings</key>
			<dict>
				<key>ALWAYS_SEARCH_USER_PATHS</key>
				<string>NO</string>
				<key>ASSETCATALOG_COMPILER_APPICON_NAME</key>
				<string>AppIcon</string>
				<key>ASSETCATALOG_COMPILER_LAUNCHIMAGE_NAME</key>
				<string>LaunchImage</string>
				<key>CLANG_ENABLE_OBJC_ARC</key>
				<string>YES</string>
				<key>COPY_PHASE_STRIP</key>
				<string>YES</string>
				<key>FRAMEWORK_SEARCH_PATHS</key>
				<array>
					<string>$(inherited)</string>
					<string>"$(SRCROOT)"</string>
				</array>
				<key>GCC_PRECOMPILE_PREFIX_HEADER</key>
				<string>YES</string>
				<key>GCC_PREFIX_HEADER</key>
				<string>CoreDataBooks_Prefix.pch</string>
				<key>GCC_VERSION</key>
				<string>com.apple.compilers.llvm.clang.1_0</string>
				<key>INFOPLIST_FILE</key>
				<string>Info.plist</string>
				<key>IPHONEOS_DEPLOYMENT_TARGET</key>
				<string>6.0</string>
				<key>OTHER_LDFLAGS</key>
				<array>
					<string>$(inherited)</string>
					<string>-force_load</string>
					<string>"$(SRCROOT)/calabash.framework/calabash"</string>
					<string>-lstdc++</string>
				</array>
				<key>PRODUCT_NAME</key>
				<string>CoreDataBooks</string>
			</dict>
			<key>isa</key>
			<string>XCBuildConfiguration</string>
			<key>name</key>
			<string>Release</string>
		</dict>
		<key>f9ea9c084e509f7acbcfc01f</key>
		<dict>
			<key>buildConfigurations</key>
			<array>
				<string>95937e8af34bfe30a1ee5470</string>
				<string>f4f7bf6a748136cf3eb10e0c</string>
			</array>
			<key>defaultConfigurationIsVisible</key>
			<string>0</string>
			<key>defaultConfigurationName</key>
			<string>Release</string>
			<key>isa</key>
			<string>XCConfigurationList</string>
		</dict>
	</dict>
	<key>rootObject</key>
	<string>29B97313FDCFA39411CA2CEA</string>
</dict>
</plist>
